
Microsoft Visual Studio Solution File, Format Version 12.00
# Visual Studio Version 16
VisualStudioVersion = 16.0.32106.194
MinimumVisualStudioVersion = 10.0.40219.1
Project("{FAE04EC0-301F-11D3-BF4B-00C04F79EFBC}") = "Sale Price Calc", "Sale Price Calc\Sale Price Calc.csproj", "{AE8C6A63-6836-4C84-A97A-D3FB7776A1A7}"
EndProject
Global
	GlobalSection(SolutionConfigurationPlatforms) = preSolution
		Debug|Any CPU = Debug|Any CPU
		Release|Any CPU = Release|Any CPU
	EndGlobalSection
	GlobalSection(ProjectConfigurationPlatforms) = postSolution
		{AE8C6A63-6836-4C84-A97A-D3FB7776A1A7}.Debug|Any CPU.ActiveCfg = Debug|Any CPU
		{AE8C6A63-6836-4C84-A97A-D3FB7776A1A7}.Debug|Any CPU.Build.0 = Debug|Any CPU
		{AE8C6A63-6836-4C84-A97A-D3FB7776A1A7}.Release|Any CPU.ActiveCfg = Release|Any CPU
		{AE8C6A63-6836-4C84-A97A-D3FB7776A1A7}.Release|Any CPU.Build.0 = Release|Any CPU
	EndGlobalSection
	GlobalSection(SolutionProperties) = preSolution
		HideSolutionNode = FALSE
	EndGlobalSection
	GlobalSection(ExtensibilityGlobals) = postSolution
		SolutionGuid = {2D385942-94F0-4FE5-981D-23B52BACD2E9}
	EndGlobalSection
EndGlobal
